{
  "nodes": {
    "flake-compat": {
      "flake": false,
      "locked": {
        "lastModified": 1641205782,
        "narHash": "sha256-4jY7RCWUoZ9cKD8co0/4tFARpWB+57+r1bLLvXNJliY=",
        "owner": "edolstra",
        "repo": "flake-compat",
        "rev": "b7547d3eed6f32d06102ead8991ec52ab0a4f1a7",
        "type": "github"
      },
      "original": {
        "owner": "edolstra",
        "repo": "flake-compat",
        "type": "github"
      }
    },
    "flake-utils": {
      "locked": {
        "lastModified": 1667395993,
        "narHash": "sha256-nuEHfE/LcWyuSWnS8t12N1wc105Qtau+/OdUAjtQ0rA=",
        "owner": "numtide",
        "repo": "flake-utils",
        "rev": "5aed5285a952e0b949eb3ba02c12fa4fcfef535f",
        "type": "github"
      },
      "original": {
        "id": "flake-utils",
        "type": "indirect"
      }
    },
    "nixpkgs": {
      "locked": {
        "lastModified": 1668793589,
        "narHash": "sha256-R46LmO8VWjYjaeGBKjBL1zmvB1ziO5mtv0fJzkNbXiY=",
        "owner": "NixOS",
        "repo": "nixpkgs",
        "rev": "4c80e3665c019daaa91347fbcb4e5ae078cc39d3",
        "type": "github"
      },
      "original": {
        "id": "nixpkgs",
        "type": "indirect"
      }
    },
    "overlays": {
      "locked": {
        "lastModified": 1668714812,
        "narHash": "sha256-9p9XjBWHnrYNlmfnIPnohBiSIPSVM9SbVKsHXIrWN1c=",
        "owner": "thelonelyghost",
        "repo": "blank-overlay-nix",
        "rev": "8e18a869b1d2a09b479e5cb9230604da772f89c9",
        "type": "github"
      },
      "original": {
        "owner": "thelonelyghost",
        "repo": "blank-overlay-nix",
        "type": "github"
      }
    },
    "root": {
      "inputs": {
        "flake-compat": "flake-compat",
        "flake-utils": "flake-utils",
        "nixpkgs": "nixpkgs",
        "overlays": "overlays",
        "tag": "tag"
      }
    },
    "tag": {
      "inputs": {
        "flake-compat": [
          "flake-compat"
        ],
        "flake-utils": [
          "flake-utils"
        ],
        "nixpkgs": [
          "nixpkgs"
        ],
        "overlays": [
          "overlays"
        ]
      },
      "locked": {
        "lastModified": 1668723885,
        "narHash": "sha256-cQgSyjIOSsNRNOSc3VrfAux6aUCHvIhC9qsrte3+j40=",
        "owner": "thelonelyghost",
        "repo": "tag",
        "rev": "1bf3ef96d74a469044114787562dcb2e0b137bac",
        "type": "github"
      },
      "original": {
        "owner": "thelonelyghost",
        "repo": "tag",
        "type": "github"
      }
    }
  },
  "root": "root",
  "version": 7
}
